dependencies:
- name: oauth2-proxy
  repository: https://oauth2-proxy.github.io/manifests
  version: 7.7.27
- name: kubernetes-dashboard
  repository: https://kubernetes.github.io/dashboard/
  version: 7.10.0
- name: oauth2-proxy
  repository: https://oauth2-proxy.github.io/manifests
  version: 7.7.27
- name: oauth2-proxy
  repository: https://oauth2-proxy.github.io/manifests
  version: 7.7.27
digest: sha256:1ef91581e8bf8d0c8e031480dd1d474a398b4d712107a8054323815ebcc9df8a
generated: "2024-11-12T21:08:21.634264633Z"
